
Microsoft Visual Studio Solution File, Format Version 12.00
# Visual Studio Version 16
VisualStudioVersion = 16.0.31729.503
MinimumVisualStudioVersion = 10.0.40219.1
Project("{8BC9CEB8-8B4A-11D0-8D11-00A0C91BC942}") = "Zada4a 4", "Zada4i Po UP\Zada4i Po UP.vcxproj", "{42052634-04E8-4F08-A2AB-E67FAF974391}"
EndProject
Project("{8BC9CEB8-8B4A-11D0-8D11-00A0C91BC942}") = "Zada4a 5", "Zada4a5\Zada4a5.vcxproj", "{356477EC-C1DC-4970-ACF9-1F626EE74511}"
EndProject
Project("{8BC9CEB8-8B4A-11D0-8D11-00A0C91BC942}") = "Zada4a 6", "Zada4a 6\Zada4a 6.vcxproj", "{EE80290E-9134-4FDE-9A8E-F4CEA0D1B4D7}"
EndProject
Project("{8BC9CEB8-8B4A-11D0-8D11-00A0C91BC942}") = "Zada4a 7", "Zada4a 7\Zada4a 7.vcxproj", "{08E457C2-FFAF-439D-8F7D-1E4B02E77337}"
EndProject
Project("{8BC9CEB8-8B4A-11D0-8D11-00A0C91BC942}") = "Zada4a 8", "Zada4a 8\Zada4a 8.vcxproj", "{34783500-9788-4BE8-89D3-5C85278DD97A}"
EndProject
Project("{8BC9CEB8-8B4A-11D0-8D11-00A0C91BC942}") = "Zada4a 9", "Zada4a 9\Zada4a 9.vcxproj", "{46401D0D-D80E-4183-A4BF-FE645AF916DE}"
EndProject
Project("{8BC9CEB8-8B4A-11D0-8D11-00A0C91BC942}") = "Zada4a 10", "Zada4a 10\Zada4a 10.vcxproj", "{FA992486-2F30-488A-9714-CAE2C9E1353D}"
EndProject
Project("{8BC9CEB8-8B4A-11D0-8D11-00A0C91BC942}") = "Zada4a 11", "Zada4a 11\Zada4a 11.vcxproj", "{433C3586-5294-4A5A-A2FA-8FEF05252A2F}"
EndProject
Project("{8BC9CEB8-8B4A-11D0-8D11-00A0C91BC942}") = "Zada4a 12", "Zada4a 12\Zada4a 12.vcxproj", "{65A08EE9-4C9F-42A0-B62B-084FC5494D67}"
EndProject
Project("{8BC9CEB8-8B4A-11D0-8D11-00A0C91BC942}") = "Zada4a 13", "Zada4a 13\Zada4a 13.vcxproj", "{199E7EE6-00EA-4D98-98E7-72662DBEE6FD}"
EndProject
Project("{8BC9CEB8-8B4A-11D0-8D11-00A0C91BC942}") = "Zada4a 14", "Zada4a 14\Zada4a 14.vcxproj", "{9994EA78-8DDE-45C2-A937-F47D1C37467C}"
EndProject
Project("{8BC9CEB8-8B4A-11D0-8D11-00A0C91BC942}") = "Zada4a 16", "Zada4a 16\Zada4a 16.vcxproj", "{E960167A-77FE-4B90-A843-CEC93E7D8B8E}"
EndProject
Project("{8BC9CEB8-8B4A-11D0-8D11-00A0C91BC942}") = "Zada4a 15", "Zada4a 15\Zada4a 15.vcxproj", "{0008ED20-4200-4690-935B-4FB0918DAC5C}"
EndProject
Project("{8BC9CEB8-8B4A-11D0-8D11-00A0C91BC942}") = "Zada4a 17", "Zada4a 17\Zada4a 17.vcxproj", "{F36C76DE-DACF-421B-8F7B-E1B4C20CE3D7}"
EndProject
Project("{8BC9CEB8-8B4A-11D0-8D11-00A0C91BC942}") = "Zada4a 18", "Zada4a 18\Zada4a 18.vcxproj", "{DC13403D-A547-40B1-8C69-7463FB74D226}"
EndProject
Global
	GlobalSection(SolutionConfigurationPlatforms) = preSolution
		Debug|x64 = Debug|x64
		Debug|x86 = Debug|x86
		Release|x64 = Release|x64
		Release|x86 = Release|x86
	EndGlobalSection
	GlobalSection(ProjectConfigurationPlatforms) = postSolution
		{42052634-04E8-4F08-A2AB-E67FAF974391}.Debug|x64.ActiveCfg = Debug|x64
		{42052634-04E8-4F08-A2AB-E67FAF974391}.Debug|x64.Build.0 = Debug|x64
		{42052634-04E8-4F08-A2AB-E67FAF974391}.Debug|x86.ActiveCfg = Debug|Win32
		{42052634-04E8-4F08-A2AB-E67FAF974391}.Debug|x86.Build.0 = Debug|Win32
		{42052634-04E8-4F08-A2AB-E67FAF974391}.Release|x64.ActiveCfg = Release|x64
		{42052634-04E8-4F08-A2AB-E67FAF974391}.Release|x64.Build.0 = Release|x64
		{42052634-04E8-4F08-A2AB-E67FAF974391}.Release|x86.ActiveCfg = Release|Win32
		{42052634-04E8-4F08-A2AB-E67FAF974391}.Release|x86.Build.0 = Release|Win32
		{356477EC-C1DC-4970-ACF9-1F626EE74511}.Debug|x64.ActiveCfg = Debug|x64
		{356477EC-C1DC-4970-ACF9-1F626EE74511}.Debug|x64.Build.0 = Debug|x64
		{356477EC-C1DC-4970-ACF9-1F626EE74511}.Debug|x86.ActiveCfg = Debug|Win32
		{356477EC-C1DC-4970-ACF9-1F626EE74511}.Debug|x86.Build.0 = Debug|Win32
		{356477EC-C1DC-4970-ACF9-1F626EE74511}.Release|x64.ActiveCfg = Release|x64
		{356477EC-C1DC-4970-ACF9-1F626EE74511}.Release|x64.Build.0 = Release|x64
		{356477EC-C1DC-4970-ACF9-1F626EE74511}.Release|x86.ActiveCfg = Release|Win32
		{356477EC-C1DC-4970-ACF9-1F626EE74511}.Release|x86.Build.0 = Release|Win32
		{EE80290E-9134-4FDE-9A8E-F4CEA0D1B4D7}.Debug|x64.ActiveCfg = Debug|x64
		{EE80290E-9134-4FDE-9A8E-F4CEA0D1B4D7}.Debug|x64.Build.0 = Debug|x64
		{EE80290E-9134-4FDE-9A8E-F4CEA0D1B4D7}.Debug|x86.ActiveCfg = Debug|Win32
		{EE80290E-9134-4FDE-9A8E-F4CEA0D1B4D7}.Debug|x86.Build.0 = Debug|Win32
		{EE80290E-9134-4FDE-9A8E-F4CEA0D1B4D7}.Release|x64.ActiveCfg = Release|x64
		{EE80290E-9134-4FDE-9A8E-F4CEA0D1B4D7}.Release|x64.Build.0 = Release|x64
		{EE80290E-9134-4FDE-9A8E-F4CEA0D1B4D7}.Release|x86.ActiveCfg = Release|Win32
		{EE80290E-9134-4FDE-9A8E-F4CEA0D1B4D7}.Release|x86.Build.0 = Release|Win32
		{08E457C2-FFAF-439D-8F7D-1E4B02E77337}.Debug|x64.ActiveCfg = Debug|x64
		{08E457C2-FFAF-439D-8F7D-1E4B02E77337}.Debug|x64.Build.0 = Debug|x64
		{08E457C2-FFAF-439D-8F7D-1E4B02E77337}.Debug|x86.ActiveCfg = Debug|Win32
		{08E457C2-FFAF-439D-8F7D-1E4B02E77337}.Debug|x86.Build.0 = Debug|Win32
		{08E457C2-FFAF-439D-8F7D-1E4B02E77337}.Release|x64.ActiveCfg = Release|x64
		{08E457C2-FFAF-439D-8F7D-1E4B02E77337}.Release|x64.Build.0 = Release|x64
		{08E457C2-FFAF-439D-8F7D-1E4B02E77337}.Release|x86.ActiveCfg = Release|Win32
		{08E457C2-FFAF-439D-8F7D-1E4B02E77337}.Release|x86.Build.0 = Release|Win32
		{34783500-9788-4BE8-89D3-5C85278DD97A}.Debug|x64.ActiveCfg = Debug|x64
		{34783500-9788-4BE8-89D3-5C85278DD97A}.Debug|x64.Build.0 = Debug|x64
		{34783500-9788-4BE8-89D3-5C85278DD97A}.Debug|x86.ActiveCfg = Debug|Win32
		{34783500-9788-4BE8-89D3-5C85278DD97A}.Debug|x86.Build.0 = Debug|Win32
		{34783500-9788-4BE8-89D3-5C85278DD97A}.Release|x64.ActiveCfg = Release|x64
		{34783500-9788-4BE8-89D3-5C85278DD97A}.Release|x64.Build.0 = Release|x64
		{34783500-9788-4BE8-89D3-5C85278DD97A}.Release|x86.ActiveCfg = Release|Win32
		{34783500-9788-4BE8-89D3-5C85278DD97A}.Release|x86.Build.0 = Release|Win32
		{46401D0D-D80E-4183-A4BF-FE645AF916DE}.Debug|x64.ActiveCfg = Debug|x64
		{46401D0D-D80E-4183-A4BF-FE645AF916DE}.Debug|x64.Build.0 = Debug|x64
		{46401D0D-D80E-4183-A4BF-FE645AF916DE}.Debug|x86.ActiveCfg = Debug|Win32
		{46401D0D-D80E-4183-A4BF-FE645AF916DE}.Debug|x86.Build.0 = Debug|Win32
		{46401D0D-D80E-4183-A4BF-FE645AF916DE}.Release|x64.ActiveCfg = Release|x64
		{46401D0D-D80E-4183-A4BF-FE645AF916DE}.Release|x64.Build.0 = Release|x64
		{46401D0D-D80E-4183-A4BF-FE645AF916DE}.Release|x86.ActiveCfg = Release|Win32
		{46401D0D-D80E-4183-A4BF-FE645AF916DE}.Release|x86.Build.0 = Release|Win32
		{FA992486-2F30-488A-9714-CAE2C9E1353D}.Debug|x64.ActiveCfg = Debug|x64
		{FA992486-2F30-488A-9714-CAE2C9E1353D}.Debug|x64.Build.0 = Debug|x64
		{FA992486-2F30-488A-9714-CAE2C9E1353D}.Debug|x86.ActiveCfg = Debug|Win32
		{FA992486-2F30-488A-9714-CAE2C9E1353D}.Debug|x86.Build.0 = Debug|Win32
		{FA992486-2F30-488A-9714-CAE2C9E1353D}.Release|x64.ActiveCfg = Release|x64
		{FA992486-2F30-488A-9714-CAE2C9E1353D}.Release|x64.Build.0 = Release|x64
		{FA992486-2F30-488A-9714-CAE2C9E1353D}.Release|x86.ActiveCfg = Release|Win32
		{FA992486-2F30-488A-9714-CAE2C9E1353D}.Release|x86.Build.0 = Release|Win32
		{433C3586-5294-4A5A-A2FA-8FEF05252A2F}.Debug|x64.ActiveCfg = Debug|x64
		{433C3586-5294-4A5A-A2FA-8FEF05252A2F}.Debug|x64.Build.0 = Debug|x64
		{433C3586-5294-4A5A-A2FA-8FEF05252A2F}.Debug|x86.ActiveCfg = Debug|Win32
		{433C3586-5294-4A5A-A2FA-8FEF05252A2F}.Debug|x86.Build.0 = Debug|Win32
		{433C3586-5294-4A5A-A2FA-8FEF05252A2F}.Release|x64.ActiveCfg = Release|x64
		{433C3586-5294-4A5A-A2FA-8FEF05252A2F}.Release|x64.Build.0 = Release|x64
		{433C3586-5294-4A5A-A2FA-8FEF05252A2F}.Release|x86.ActiveCfg = Release|Win32
		{433C3586-5294-4A5A-A2FA-8FEF05252A2F}.Release|x86.Build.0 = Release|Win32
		{65A08EE9-4C9F-42A0-B62B-084FC5494D67}.Debug|x64.ActiveCfg = Debug|x64
		{65A08EE9-4C9F-42A0-B62B-084FC5494D67}.Debug|x64.Build.0 = Debug|x64
		{65A08EE9-4C9F-42A0-B62B-084FC5494D67}.Debug|x86.ActiveCfg = Debug|Win32
		{65A08EE9-4C9F-42A0-B62B-084FC5494D67}.Debug|x86.Build.0 = Debug|Win32
		{65A08EE9-4C9F-42A0-B62B-084FC5494D67}.Release|x64.ActiveCfg = Release|x64
		{65A08EE9-4C9F-42A0-B62B-084FC5494D67}.Release|x64.Build.0 = Release|x64
		{65A08EE9-4C9F-42A0-B62B-084FC5494D67}.Release|x86.ActiveCfg = Release|Win32
		{65A08EE9-4C9F-42A0-B62B-084FC5494D67}.Release|x86.Build.0 = Release|Win32
		{199E7EE6-00EA-4D98-98E7-72662DBEE6FD}.Debug|x64.ActiveCfg = Debug|x64
		{199E7EE6-00EA-4D98-98E7-72662DBEE6FD}.Debug|x64.Build.0 = Debug|x64
		{199E7EE6-00EA-4D98-98E7-72662DBEE6FD}.Debug|x86.ActiveCfg = Debug|Win32
		{199E7EE6-00EA-4D98-98E7-72662DBEE6FD}.Debug|x86.Build.0 = Debug|Win32
		{199E7EE6-00EA-4D98-98E7-72662DBEE6FD}.Release|x64.ActiveCfg = Release|x64
		{199E7EE6-00EA-4D98-98E7-72662DBEE6FD}.Release|x64.Build.0 = Release|x64
		{199E7EE6-00EA-4D98-98E7-72662DBEE6FD}.Release|x86.ActiveCfg = Release|Win32
		{199E7EE6-00EA-4D98-98E7-72662DBEE6FD}.Release|x86.Build.0 = Release|Win32
		{9994EA78-8DDE-45C2-A937-F47D1C37467C}.Debug|x64.ActiveCfg = Debug|x64
		{9994EA78-8DDE-45C2-A937-F47D1C37467C}.Debug|x64.Build.0 = Debug|x64
		{9994EA78-8DDE-45C2-A937-F47D1C37467C}.Debug|x86.ActiveCfg = Debug|Win32
		{9994EA78-8DDE-45C2-A937-F47D1C37467C}.Debug|x86.Build.0 = Debug|Win32
		{9994EA78-8DDE-45C2-A937-F47D1C37467C}.Release|x64.ActiveCfg = Release|x64
		{9994EA78-8DDE-45C2-A937-F47D1C37467C}.Release|x64.Build.0 = Release|x64
		{9994EA78-8DDE-45C2-A937-F47D1C37467C}.Release|x86.ActiveCfg = Release|Win32
		{9994EA78-8DDE-45C2-A937-F47D1C37467C}.Release|x86.Build.0 = Release|Win32
		{E960167A-77FE-4B90-A843-CEC93E7D8B8E}.Debug|x64.ActiveCfg = Debug|x64
		{E960167A-77FE-4B90-A843-CEC93E7D8B8E}.Debug|x64.Build.0 = Debug|x64
		{E960167A-77FE-4B90-A843-CEC93E7D8B8E}.Debug|x86.ActiveCfg = Debug|Win32
		{E960167A-77FE-4B90-A843-CEC93E7D8B8E}.Debug|x86.Build.0 = Debug|Win32
		{E960167A-77FE-4B90-A843-CEC93E7D8B8E}.Release|x64.ActiveCfg = Release|x64
		{E960167A-77FE-4B90-A843-CEC93E7D8B8E}.Release|x64.Build.0 = Release|x64
		{E960167A-77FE-4B90-A843-CEC93E7D8B8E}.Release|x86.ActiveCfg = Release|Win32
		{E960167A-77FE-4B90-A843-CEC93E7D8B8E}.Release|x86.Build.0 = Release|Win32
		{0008ED20-4200-4690-935B-4FB0918DAC5C}.Debug|x64.ActiveCfg = Debug|x64
		{0008ED20-4200-4690-935B-4FB0918DAC5C}.Debug|x64.Build.0 = Debug|x64
		{0008ED20-4200-4690-935B-4FB0918DAC5C}.Debug|x86.ActiveCfg = Debug|Win32
		{0008ED20-4200-4690-935B-4FB0918DAC5C}.Debug|x86.Build.0 = Debug|Win32
		{0008ED20-4200-4690-935B-4FB0918DAC5C}.Release|x64.ActiveCfg = Release|x64
		{0008ED20-4200-4690-935B-4FB0918DAC5C}.Release|x64.Build.0 = Release|x64
		{0008ED20-4200-4690-935B-4FB0918DAC5C}.Release|x86.ActiveCfg = Release|Win32
		{0008ED20-4200-4690-935B-4FB0918DAC5C}.Release|x86.Build.0 = Release|Win32
		{F36C76DE-DACF-421B-8F7B-E1B4C20CE3D7}.Debug|x64.ActiveCfg = Debug|x64
		{F36C76DE-DACF-421B-8F7B-E1B4C20CE3D7}.Debug|x64.Build.0 = Debug|x64
		{F36C76DE-DACF-421B-8F7B-E1B4C20CE3D7}.Debug|x86.ActiveCfg = Debug|Win32
		{F36C76DE-DACF-421B-8F7B-E1B4C20CE3D7}.Debug|x86.Build.0 = Debug|Win32
		{F36C76DE-DACF-421B-8F7B-E1B4C20CE3D7}.Release|x64.ActiveCfg = Release|x64
		{F36C76DE-DACF-421B-8F7B-E1B4C20CE3D7}.Release|x64.Build.0 = Release|x64
		{F36C76DE-DACF-421B-8F7B-E1B4C20CE3D7}.Release|x86.ActiveCfg = Release|Win32
		{F36C76DE-DACF-421B-8F7B-E1B4C20CE3D7}.Release|x86.Build.0 = Release|Win32
		{DC13403D-A547-40B1-8C69-7463FB74D226}.Debug|x64.ActiveCfg = Debug|x64
		{DC13403D-A547-40B1-8C69-7463FB74D226}.Debug|x64.Build.0 = Debug|x64
		{DC13403D-A547-40B1-8C69-7463FB74D226}.Debug|x86.ActiveCfg = Debug|Win32
		{DC13403D-A547-40B1-8C69-7463FB74D226}.Debug|x86.Build.0 = Debug|Win32
		{DC13403D-A547-40B1-8C69-7463FB74D226}.Release|x64.ActiveCfg = Release|x64
		{DC13403D-A547-40B1-8C69-7463FB74D226}.Release|x64.Build.0 = Release|x64
		{DC13403D-A547-40B1-8C69-7463FB74D226}.Release|x86.ActiveCfg = Release|Win32
		{DC13403D-A547-40B1-8C69-7463FB74D226}.Release|x86.Build.0 = Release|Win32
	EndGlobalSection
	GlobalSection(SolutionProperties) = preSolution
		HideSolutionNode = FALSE
	EndGlobalSection
	GlobalSection(ExtensibilityGlobals) = postSolution
		SolutionGuid = {1111A6E7-D2E1-4F19-893A-7466A640BC6F}
	EndGlobalSection
EndGlobal
