
Microsoft Visual Studio Solution File, Format Version 12.00
# Visual Studio Version 16
VisualStudioVersion = 16.0.31729.503
MinimumVisualStudioVersion = 10.0.40219.1
Project("{8BC9CEB8-8B4A-11D0-8D11-00A0C91BC942}") = "Week09-StaticAndTemplates", "Week09-StaticAndTemplates\Week09-StaticAndTemplates.vcxproj", "{96362037-2228-4178-AA51-E80EFA7BD25C}"
EndProject
Project("{8BC9CEB8-8B4A-11D0-8D11-00A0C91BC942}") = "GuzTest", "GuzTest\GuzTest.vcxproj", "{53B13808-6DEB-4FC0-8FC2-C70DD99E2958}"
EndProject
Global
	GlobalSection(SolutionConfigurationPlatforms) = preSolution
		Debug|x64 = Debug|x64
		Debug|x86 = Debug|x86
		Release|x64 = Release|x64
		Release|x86 = Release|x86
	EndGlobalSection
	GlobalSection(ProjectConfigurationPlatforms) = postSolution
		{96362037-2228-4178-AA51-E80EFA7BD25C}.Debug|x64.ActiveCfg = Debug|x64
		{96362037-2228-4178-AA51-E80EFA7BD25C}.Debug|x64.Build.0 = Debug|x64
		{96362037-2228-4178-AA51-E80EFA7BD25C}.Debug|x86.ActiveCfg = Debug|Win32
		{96362037-2228-4178-AA51-E80EFA7BD25C}.Debug|x86.Build.0 = Debug|Win32
		{96362037-2228-4178-AA51-E80EFA7BD25C}.Release|x64.ActiveCfg = Release|x64
		{96362037-2228-4178-AA51-E80EFA7BD25C}.Release|x64.Build.0 = Release|x64
		{96362037-2228-4178-AA51-E80EFA7BD25C}.Release|x86.ActiveCfg = Release|Win32
		{96362037-2228-4178-AA51-E80EFA7BD25C}.Release|x86.Build.0 = Release|Win32
		{53B13808-6DEB-4FC0-8FC2-C70DD99E2958}.Debug|x64.ActiveCfg = Debug|x64
		{53B13808-6DEB-4FC0-8FC2-C70DD99E2958}.Debug|x64.Build.0 = Debug|x64
		{53B13808-6DEB-4FC0-8FC2-C70DD99E2958}.Debug|x86.ActiveCfg = Debug|Win32
		{53B13808-6DEB-4FC0-8FC2-C70DD99E2958}.Debug|x86.Build.0 = Debug|Win32
		{53B13808-6DEB-4FC0-8FC2-C70DD99E2958}.Release|x64.ActiveCfg = Release|x64
		{53B13808-6DEB-4FC0-8FC2-C70DD99E2958}.Release|x64.Build.0 = Release|x64
		{53B13808-6DEB-4FC0-8FC2-C70DD99E2958}.Release|x86.ActiveCfg = Release|Win32
		{53B13808-6DEB-4FC0-8FC2-C70DD99E2958}.Release|x86.Build.0 = Release|Win32
	EndGlobalSection
	GlobalSection(SolutionProperties) = preSolution
		HideSolutionNode = FALSE
	EndGlobalSection
	GlobalSection(ExtensibilityGlobals) = postSolution
		SolutionGuid = {53DBDC76-FB28-4F10-A06E-7496707115E0}
	EndGlobalSection
EndGlobal
