<?xml version="1.0" encoding="utf-8"?>
<Project ToolsVersion="4.0" xmlns="http://schemas.microsoft.com/developer/msbuild/2003">
  <ItemGroup>
    <Filter Include="Source Files">
      <UniqueIdentifier>{4FC737F1-C7A5-4376-A066-2A32D752A2FF}</UniqueIdentifier>
      <Extensions>cpp;c;cc;cxx;c++;cppm;ixx;def;odl;idl;hpj;bat;asm;asmx</Extensions>
    </Filter>
    <Filter Include="Header Files">
      <UniqueIdentifier>{93995380-89BD-4b04-88EB-625FBE52EBFB}</UniqueIdentifier>
      <Extensions>h;hh;hpp;hxx;h++;hm;inl;inc;ipp;xsd</Extensions>
    </Filter>
    <Filter Include="Resource Files">
      <UniqueIdentifier>{67DA6AB6-F800-4c08-8B7A-83BB121AAD01}</UniqueIdentifier>
      <Extensions>rc;ico;cur;bmp;dlg;rc2;rct;bin;rgs;gif;jpg;jpeg;jpe;resx;tiff;tif;png;wav;mfcribbon-ms</Extensions>
    </Filter>
  </ItemGroup>
  <ItemGroup>
    <ClCompile Include="Main.cpp">
      <Filter>Source Files</Filter>
    </ClCompile>
    <ClCompile Include="BigNumber.cpp">
      <Filter>Source Files</Filter>
    </ClCompile>
    <ClCompile Include="BigNumberTests.cpp">
      <Filter>Source Files</Filter>
    </ClCompile>
    <ClCompile Include="BigNumberDivisionResult.cpp">
      <Filter>Source Files</Filter>
    </ClCompile>
    <ClCompile Include="BigNumberExpression.cpp">
      <Filter>Source Files</Filter>
    </ClCompile>
    <ClCompile Include="BigNumberExpressionTests.cpp">
      <Filter>Source Files</Filter>
    </ClCompile>
    <ClCompile Include="BigNumberExpressionCommon.cpp">
      <Filter>Source Files</Filter>
    </ClCompile>
    <ClCompile Include="BigNumberEquation.cpp">
      <Filter>Source Files</Filter>
    </ClCompile>
    <ClCompile Include="BigNumberEquationTests.cpp">
      <Filter>Source Files</Filter>
    </ClCompile>
  </ItemGroup>
  <ItemGroup>
    <ClInclude Include="BigNumber.h">
      <Filter>Header Files</Filter>
    </ClInclude>
    <ClInclude Include="BigNumberTests.h">
      <Filter>Header Files</Filter>
    </ClInclude>
    <ClInclude Include="BigNumberDivisionResult.h">
      <Filter>Header Files</Filter>
    </ClInclude>
    <ClInclude Include="BigNumberExpression.h">
      <Filter>Header Files</Filter>
    </ClInclude>
    <ClInclude Include="BigNumberExpressionTests.h">
      <Filter>Header Files</Filter>
    </ClInclude>
    <ClInclude Include="BigNumberExpressionCommon.h">
      <Filter>Header Files</Filter>
    </ClInclude>
    <ClInclude Include="BigNumberEquation.h">
      <Filter>Header Files</Filter>
    </ClInclude>
    <ClInclude Include="BigNumberEquationTests.h">
      <Filter>Header Files</Filter>
    </ClInclude>
  </ItemGroup>
</Project>