
Microsoft Visual Studio Solution File, Format Version 12.00
# Visual Studio Version 16
VisualStudioVersion = 16.0.31729.503
MinimumVisualStudioVersion = 10.0.40219.1
Project("{8BC9CEB8-8B4A-11D0-8D11-00A0C91BC942}") = "Exercise 1", "Exercise 1\Exercise 1.vcxproj", "{511C8F0E-35FA-4645-8D89-F980C64E31E5}"
EndProject
Project("{8BC9CEB8-8B4A-11D0-8D11-00A0C91BC942}") = "Exercise 2", "Exercise 2\Exercise 2.vcxproj", "{0688F90F-034C-4B63-8BB8-A7B61E185216}"
EndProject
Project("{8BC9CEB8-8B4A-11D0-8D11-00A0C91BC942}") = "Exercise 3", "Exercise 3\Exercise 3.vcxproj", "{316D83EE-6522-40BC-BC1D-1B26EA0F9262}"
EndProject
Project("{8BC9CEB8-8B4A-11D0-8D11-00A0C91BC942}") = "Exercise 4", "Exercise 4\Exercise 4.vcxproj", "{951179DC-DDF9-4EF7-9584-8FCCB1C062BB}"
EndProject
Project("{8BC9CEB8-8B4A-11D0-8D11-00A0C91BC942}") = "Exercise 5", "Exercise 5\Exercise 5.vcxproj", "{C9B647A1-033F-4E7B-BAA2-B5A244159FEC}"
EndProject
Project("{8BC9CEB8-8B4A-11D0-8D11-00A0C91BC942}") = "Exercise 6", "Exercise 6\Exercise 6.vcxproj", "{25B1BE1E-9691-4C3D-BF53-C2A7EBE47054}"
EndProject
Project("{8BC9CEB8-8B4A-11D0-8D11-00A0C91BC942}") = "Exercise 7", "Exercise 7\Exercise 7.vcxproj", "{32563283-82EC-4D1E-A742-EB2A606F1FAB}"
EndProject
Project("{8BC9CEB8-8B4A-11D0-8D11-00A0C91BC942}") = "Exercise 8", "Exercise 8\Exercise 8.vcxproj", "{E213874B-01D5-45E9-8BD8-A0A1AB7D6E8F}"
EndProject
Project("{8BC9CEB8-8B4A-11D0-8D11-00A0C91BC942}") = "Exercise 9", "Exercise 9\Exercise 9.vcxproj", "{A6CA133B-23B0-4153-ACA9-77896B907C3F}"
EndProject
Project("{8BC9CEB8-8B4A-11D0-8D11-00A0C91BC942}") = "Exercise 10", "Exercise 10\Exercise 10.vcxproj", "{9BF99DCF-063D-428C-8188-5412CF499FF8}"
EndProject
Global
	GlobalSection(SolutionConfigurationPlatforms) = preSolution
		Debug|x64 = Debug|x64
		Debug|x86 = Debug|x86
		Release|x64 = Release|x64
		Release|x86 = Release|x86
	EndGlobalSection
	GlobalSection(ProjectConfigurationPlatforms) = postSolution
		{511C8F0E-35FA-4645-8D89-F980C64E31E5}.Debug|x64.ActiveCfg = Debug|x64
		{511C8F0E-35FA-4645-8D89-F980C64E31E5}.Debug|x64.Build.0 = Debug|x64
		{511C8F0E-35FA-4645-8D89-F980C64E31E5}.Debug|x86.ActiveCfg = Debug|Win32
		{511C8F0E-35FA-4645-8D89-F980C64E31E5}.Debug|x86.Build.0 = Debug|Win32
		{511C8F0E-35FA-4645-8D89-F980C64E31E5}.Release|x64.ActiveCfg = Release|x64
		{511C8F0E-35FA-4645-8D89-F980C64E31E5}.Release|x64.Build.0 = Release|x64
		{511C8F0E-35FA-4645-8D89-F980C64E31E5}.Release|x86.ActiveCfg = Release|Win32
		{511C8F0E-35FA-4645-8D89-F980C64E31E5}.Release|x86.Build.0 = Release|Win32
		{0688F90F-034C-4B63-8BB8-A7B61E185216}.Debug|x64.ActiveCfg = Debug|x64
		{0688F90F-034C-4B63-8BB8-A7B61E185216}.Debug|x64.Build.0 = Debug|x64
		{0688F90F-034C-4B63-8BB8-A7B61E185216}.Debug|x86.ActiveCfg = Debug|Win32
		{0688F90F-034C-4B63-8BB8-A7B61E185216}.Debug|x86.Build.0 = Debug|Win32
		{0688F90F-034C-4B63-8BB8-A7B61E185216}.Release|x64.ActiveCfg = Release|x64
		{0688F90F-034C-4B63-8BB8-A7B61E185216}.Release|x64.Build.0 = Release|x64
		{0688F90F-034C-4B63-8BB8-A7B61E185216}.Release|x86.ActiveCfg = Release|Win32
		{0688F90F-034C-4B63-8BB8-A7B61E185216}.Release|x86.Build.0 = Release|Win32
		{316D83EE-6522-40BC-BC1D-1B26EA0F9262}.Debug|x64.ActiveCfg = Debug|x64
		{316D83EE-6522-40BC-BC1D-1B26EA0F9262}.Debug|x64.Build.0 = Debug|x64
		{316D83EE-6522-40BC-BC1D-1B26EA0F9262}.Debug|x86.ActiveCfg = Debug|Win32
		{316D83EE-6522-40BC-BC1D-1B26EA0F9262}.Debug|x86.Build.0 = Debug|Win32
		{316D83EE-6522-40BC-BC1D-1B26EA0F9262}.Release|x64.ActiveCfg = Release|x64
		{316D83EE-6522-40BC-BC1D-1B26EA0F9262}.Release|x64.Build.0 = Release|x64
		{316D83EE-6522-40BC-BC1D-1B26EA0F9262}.Release|x86.ActiveCfg = Release|Win32
		{316D83EE-6522-40BC-BC1D-1B26EA0F9262}.Release|x86.Build.0 = Release|Win32
		{951179DC-DDF9-4EF7-9584-8FCCB1C062BB}.Debug|x64.ActiveCfg = Debug|x64
		{951179DC-DDF9-4EF7-9584-8FCCB1C062BB}.Debug|x64.Build.0 = Debug|x64
		{951179DC-DDF9-4EF7-9584-8FCCB1C062BB}.Debug|x86.ActiveCfg = Debug|Win32
		{951179DC-DDF9-4EF7-9584-8FCCB1C062BB}.Debug|x86.Build.0 = Debug|Win32
		{951179DC-DDF9-4EF7-9584-8FCCB1C062BB}.Release|x64.ActiveCfg = Release|x64
		{951179DC-DDF9-4EF7-9584-8FCCB1C062BB}.Release|x64.Build.0 = Release|x64
		{951179DC-DDF9-4EF7-9584-8FCCB1C062BB}.Release|x86.ActiveCfg = Release|Win32
		{951179DC-DDF9-4EF7-9584-8FCCB1C062BB}.Release|x86.Build.0 = Release|Win32
		{C9B647A1-033F-4E7B-BAA2-B5A244159FEC}.Debug|x64.ActiveCfg = Debug|x64
		{C9B647A1-033F-4E7B-BAA2-B5A244159FEC}.Debug|x64.Build.0 = Debug|x64
		{C9B647A1-033F-4E7B-BAA2-B5A244159FEC}.Debug|x86.ActiveCfg = Debug|Win32
		{C9B647A1-033F-4E7B-BAA2-B5A244159FEC}.Debug|x86.Build.0 = Debug|Win32
		{C9B647A1-033F-4E7B-BAA2-B5A244159FEC}.Release|x64.ActiveCfg = Release|x64
		{C9B647A1-033F-4E7B-BAA2-B5A244159FEC}.Release|x64.Build.0 = Release|x64
		{C9B647A1-033F-4E7B-BAA2-B5A244159FEC}.Release|x86.ActiveCfg = Release|Win32
		{C9B647A1-033F-4E7B-BAA2-B5A244159FEC}.Release|x86.Build.0 = Release|Win32
		{25B1BE1E-9691-4C3D-BF53-C2A7EBE47054}.Debug|x64.ActiveCfg = Debug|x64
		{25B1BE1E-9691-4C3D-BF53-C2A7EBE47054}.Debug|x64.Build.0 = Debug|x64
		{25B1BE1E-9691-4C3D-BF53-C2A7EBE47054}.Debug|x86.ActiveCfg = Debug|Win32
		{25B1BE1E-9691-4C3D-BF53-C2A7EBE47054}.Debug|x86.Build.0 = Debug|Win32
		{25B1BE1E-9691-4C3D-BF53-C2A7EBE47054}.Release|x64.ActiveCfg = Release|x64
		{25B1BE1E-9691-4C3D-BF53-C2A7EBE47054}.Release|x64.Build.0 = Release|x64
		{25B1BE1E-9691-4C3D-BF53-C2A7EBE47054}.Release|x86.ActiveCfg = Release|Win32
		{25B1BE1E-9691-4C3D-BF53-C2A7EBE47054}.Release|x86.Build.0 = Release|Win32
		{32563283-82EC-4D1E-A742-EB2A606F1FAB}.Debug|x64.ActiveCfg = Debug|x64
		{32563283-82EC-4D1E-A742-EB2A606F1FAB}.Debug|x64.Build.0 = Debug|x64
		{32563283-82EC-4D1E-A742-EB2A606F1FAB}.Debug|x86.ActiveCfg = Debug|Win32
		{32563283-82EC-4D1E-A742-EB2A606F1FAB}.Debug|x86.Build.0 = Debug|Win32
		{32563283-82EC-4D1E-A742-EB2A606F1FAB}.Release|x64.ActiveCfg = Release|x64
		{32563283-82EC-4D1E-A742-EB2A606F1FAB}.Release|x64.Build.0 = Release|x64
		{32563283-82EC-4D1E-A742-EB2A606F1FAB}.Release|x86.ActiveCfg = Release|Win32
		{32563283-82EC-4D1E-A742-EB2A606F1FAB}.Release|x86.Build.0 = Release|Win32
		{E213874B-01D5-45E9-8BD8-A0A1AB7D6E8F}.Debug|x64.ActiveCfg = Debug|x64
		{E213874B-01D5-45E9-8BD8-A0A1AB7D6E8F}.Debug|x64.Build.0 = Debug|x64
		{E213874B-01D5-45E9-8BD8-A0A1AB7D6E8F}.Debug|x86.ActiveCfg = Debug|Win32
		{E213874B-01D5-45E9-8BD8-A0A1AB7D6E8F}.Debug|x86.Build.0 = Debug|Win32
		{E213874B-01D5-45E9-8BD8-A0A1AB7D6E8F}.Release|x64.ActiveCfg = Release|x64
		{E213874B-01D5-45E9-8BD8-A0A1AB7D6E8F}.Release|x64.Build.0 = Release|x64
		{E213874B-01D5-45E9-8BD8-A0A1AB7D6E8F}.Release|x86.ActiveCfg = Release|Win32
		{E213874B-01D5-45E9-8BD8-A0A1AB7D6E8F}.Release|x86.Build.0 = Release|Win32
		{A6CA133B-23B0-4153-ACA9-77896B907C3F}.Debug|x64.ActiveCfg = Debug|x64
		{A6CA133B-23B0-4153-ACA9-77896B907C3F}.Debug|x64.Build.0 = Debug|x64
		{A6CA133B-23B0-4153-ACA9-77896B907C3F}.Debug|x86.ActiveCfg = Debug|Win32
		{A6CA133B-23B0-4153-ACA9-77896B907C3F}.Debug|x86.Build.0 = Debug|Win32
		{A6CA133B-23B0-4153-ACA9-77896B907C3F}.Release|x64.ActiveCfg = Release|x64
		{A6CA133B-23B0-4153-ACA9-77896B907C3F}.Release|x64.Build.0 = Release|x64
		{A6CA133B-23B0-4153-ACA9-77896B907C3F}.Release|x86.ActiveCfg = Release|Win32
		{A6CA133B-23B0-4153-ACA9-77896B907C3F}.Release|x86.Build.0 = Release|Win32
		{9BF99DCF-063D-428C-8188-5412CF499FF8}.Debug|x64.ActiveCfg = Debug|x64
		{9BF99DCF-063D-428C-8188-5412CF499FF8}.Debug|x64.Build.0 = Debug|x64
		{9BF99DCF-063D-428C-8188-5412CF499FF8}.Debug|x86.ActiveCfg = Debug|Win32
		{9BF99DCF-063D-428C-8188-5412CF499FF8}.Debug|x86.Build.0 = Debug|Win32
		{9BF99DCF-063D-428C-8188-5412CF499FF8}.Release|x64.ActiveCfg = Release|x64
		{9BF99DCF-063D-428C-8188-5412CF499FF8}.Release|x64.Build.0 = Release|x64
		{9BF99DCF-063D-428C-8188-5412CF499FF8}.Release|x86.ActiveCfg = Release|Win32
		{9BF99DCF-063D-428C-8188-5412CF499FF8}.Release|x86.Build.0 = Release|Win32
	EndGlobalSection
	GlobalSection(SolutionProperties) = preSolution
		HideSolutionNode = FALSE
	EndGlobalSection
	GlobalSection(ExtensibilityGlobals) = postSolution
		SolutionGuid = {416DE9C9-1C89-4658-AE9F-EFD2093C82CC}
	EndGlobalSection
EndGlobal
